
Microsoft Visual Studio Solution File, Format Version 12.00
# Visual Studio Version 17
VisualStudioVersion = 17.4.33103.184
MinimumVisualStudioVersion = 10.0.40219.1
Project("{FAE04EC0-301F-11D3-BF4B-00C04F79EFBC}") = "43t4t4ttyret", "43t4t4ttyret\43t4t4ttyret.csproj", "{5FE1659B-E05A-49E4-8EE3-8FC85D3F036F}"
EndProject
Global
	GlobalSection(SolutionConfigurationPlatforms) = preSolution
		Debug|Any CPU = Debug|Any CPU
		Release|Any CPU = Release|Any CPU
	EndGlobalSection
	GlobalSection(ProjectConfigurationPlatforms) = postSolution
		{5FE1659B-E05A-49E4-8EE3-8FC85D3F036F}.Debug|Any CPU.ActiveCfg = Debug|Any CPU
		{5FE1659B-E05A-49E4-8EE3-8FC85D3F036F}.Debug|Any CPU.Build.0 = Debug|Any CPU
		{5FE1659B-E05A-49E4-8EE3-8FC85D3F036F}.Release|Any CPU.ActiveCfg = Release|Any CPU
		{5FE1659B-E05A-49E4-8EE3-8FC85D3F036F}.Release|Any CPU.Build.0 = Release|Any CPU
	EndGlobalSection
	GlobalSection(SolutionProperties) = preSolution
		HideSolutionNode = FALSE
	EndGlobalSection
	GlobalSection(ExtensibilityGlobals) = postSolution
		SolutionGuid = {88B43978-6B28-4367-8CCE-DB3531FF39D7}
	EndGlobalSection
EndGlobal
